
Microsoft Visual Studio Solution File, Format Version 12.00
# Visual Studio Version 16
VisualStudioVersion = 16.0.29403.142
MinimumVisualStudioVersion = 10.0.40219.1
Project("{FAE04EC0-301F-11D3-BF4B-00C04F79EFBC}") = "WebApplication1", "WebApplication1\WebApplication1.csproj", "{C0D28785-2527-4283-9E91-A9CB967CD8F2}"
EndProject
Global
	GlobalSection(SolutionConfigurationPlatforms) = preSolution
		Debug|Any CPU = Debug|Any CPU
		Release|Any CPU = Release|Any CPU
	EndGlobalSection
	GlobalSection(ProjectConfigurationPlatforms) = postSolution
		{C0D28785-2527-4283-9E91-A9CB967CD8F2}.Debug|Any CPU.ActiveCfg = Debug|Any CPU
		{C0D28785-2527-4283-9E91-A9CB967CD8F2}.Debug|Any CPU.Build.0 = Debug|Any CPU
		{C0D28785-2527-4283-9E91-A9CB967CD8F2}.Release|Any CPU.ActiveCfg = Release|Any CPU
		{C0D28785-2527-4283-9E91-A9CB967CD8F2}.Release|Any CPU.Build.0 = Release|Any CPU
	EndGlobalSection
	GlobalSection(SolutionProperties) = preSolution
		HideSolutionNode = FALSE
	EndGlobalSection
	GlobalSection(ExtensibilityGlobals) = postSolution
		SolutionGuid = {B9CB1FB1-970A-4833-BD4C-ED10D9C2A894}
	EndGlobalSection
EndGlobal
